
Microsoft Visual Studio Solution File, Format Version 12.00
# Visual Studio Version 17
VisualStudioVersion = 17.2.32505.173
MinimumVisualStudioVersion = 10.0.40219.1
Project("{9A19103F-16F7-4668-BE54-9A1E7A4F7556}") = "StringEquals", "StringEquals\StringEquals.csproj", "{8A156ED8-9534-46FE-9595-B52840D95DCA}"
EndProject
Project("{9A19103F-16F7-4668-BE54-9A1E7A4F7556}") = "TestingPrograms", "TestingPrograms\TestingPrograms.csproj", "{57F786FB-8503-4ACC-9CB1-F595D9835D0C}"
EndProject
Project("{2150E333-8FDC-42A3-9474-1A3956D46DE8}") = "Solution Items", "Solution Items", "{A6890D5E-806A-4985-AB59-1A029C8BDD2A}"
	ProjectSection(SolutionItems) = preProject
		.editorconfig = .editorconfig
	EndProjectSection
EndProject
Project("{9A19103F-16F7-4668-BE54-9A1E7A4F7556}") = "LinqNetCore7", "LinqNetCore7\LinqNetCore7.csproj", "{DF606309-C181-44F5-8F84-299992B0063C}"
EndProject
Project("{9A19103F-16F7-4668-BE54-9A1E7A4F7556}") = "MyBenchmarks", "MyBenchmarks\MyBenchmarks.csproj", "{35FDEF8A-5389-4259-A3FA-656A33036663}"
EndProject
Project("{9A19103F-16F7-4668-BE54-9A1E7A4F7556}") = "MyCore", "MyCore\MyCore.csproj", "{7A540DA9-B78D-48AD-B6C2-45C7408F4C82}"
EndProject
Global
	GlobalSection(SolutionConfigurationPlatforms) = preSolution
		Debug|Any CPU = Debug|Any CPU
		Release|Any CPU = Release|Any CPU
	EndGlobalSection
	GlobalSection(ProjectConfigurationPlatforms) = postSolution
		{8A156ED8-9534-46FE-9595-B52840D95DCA}.Debug|Any CPU.ActiveCfg = Debug|Any CPU
		{8A156ED8-9534-46FE-9595-B52840D95DCA}.Debug|Any CPU.Build.0 = Debug|Any CPU
		{8A156ED8-9534-46FE-9595-B52840D95DCA}.Release|Any CPU.ActiveCfg = Release|Any CPU
		{8A156ED8-9534-46FE-9595-B52840D95DCA}.Release|Any CPU.Build.0 = Release|Any CPU
		{57F786FB-8503-4ACC-9CB1-F595D9835D0C}.Debug|Any CPU.ActiveCfg = Debug|Any CPU
		{57F786FB-8503-4ACC-9CB1-F595D9835D0C}.Debug|Any CPU.Build.0 = Debug|Any CPU
		{57F786FB-8503-4ACC-9CB1-F595D9835D0C}.Release|Any CPU.ActiveCfg = Release|Any CPU
		{57F786FB-8503-4ACC-9CB1-F595D9835D0C}.Release|Any CPU.Build.0 = Release|Any CPU
		{DF606309-C181-44F5-8F84-299992B0063C}.Debug|Any CPU.ActiveCfg = Debug|Any CPU
		{DF606309-C181-44F5-8F84-299992B0063C}.Debug|Any CPU.Build.0 = Debug|Any CPU
		{DF606309-C181-44F5-8F84-299992B0063C}.Release|Any CPU.ActiveCfg = Release|Any CPU
		{DF606309-C181-44F5-8F84-299992B0063C}.Release|Any CPU.Build.0 = Release|Any CPU
		{35FDEF8A-5389-4259-A3FA-656A33036663}.Debug|Any CPU.ActiveCfg = Debug|Any CPU
		{35FDEF8A-5389-4259-A3FA-656A33036663}.Debug|Any CPU.Build.0 = Debug|Any CPU
		{35FDEF8A-5389-4259-A3FA-656A33036663}.Release|Any CPU.ActiveCfg = Release|Any CPU
		{35FDEF8A-5389-4259-A3FA-656A33036663}.Release|Any CPU.Build.0 = Release|Any CPU
		{7A540DA9-B78D-48AD-B6C2-45C7408F4C82}.Debug|Any CPU.ActiveCfg = Debug|Any CPU
		{7A540DA9-B78D-48AD-B6C2-45C7408F4C82}.Debug|Any CPU.Build.0 = Debug|Any CPU
		{7A540DA9-B78D-48AD-B6C2-45C7408F4C82}.Release|Any CPU.ActiveCfg = Release|Any CPU
		{7A540DA9-B78D-48AD-B6C2-45C7408F4C82}.Release|Any CPU.Build.0 = Release|Any CPU
	EndGlobalSection
	GlobalSection(SolutionProperties) = preSolution
		HideSolutionNode = FALSE
	EndGlobalSection
	GlobalSection(ExtensibilityGlobals) = postSolution
		SolutionGuid = {3F0495DB-BECB-4E43-8E7D-9C2BD99EB78D}
	EndGlobalSection
EndGlobal
